
Microsoft Visual Studio Solution File, Format Version 12.00
# Visual Studio Version 17
VisualStudioVersion = 17.7.34221.43
MinimumVisualStudioVersion = 10.0.40219.1
Project("{FAE04EC0-301F-11D3-BF4B-00C04F79EFBC}") = "Pet Store class exercise", "Pet Store class exercise\Pet Store class exercise.csproj", "{54E09C32-627F-4F47-9D4C-8C1822AC1198}"
EndProject
Global
	GlobalSection(SolutionConfigurationPlatforms) = preSolution
		Debug|Any CPU = Debug|Any CPU
		Release|Any CPU = Release|Any CPU
	EndGlobalSection
	GlobalSection(ProjectConfigurationPlatforms) = postSolution
		{54E09C32-627F-4F47-9D4C-8C1822AC1198}.Debug|Any CPU.ActiveCfg = Debug|Any CPU
		{54E09C32-627F-4F47-9D4C-8C1822AC1198}.Debug|Any CPU.Build.0 = Debug|Any CPU
		{54E09C32-627F-4F47-9D4C-8C1822AC1198}.Release|Any CPU.ActiveCfg = Release|Any CPU
		{54E09C32-627F-4F47-9D4C-8C1822AC1198}.Release|Any CPU.Build.0 = Release|Any CPU
	EndGlobalSection
	GlobalSection(SolutionProperties) = preSolution
		HideSolutionNode = FALSE
	EndGlobalSection
	GlobalSection(ExtensibilityGlobals) = postSolution
		SolutionGuid = {A76CCADC-5876-4AFD-8B6A-854AB15336D1}
	EndGlobalSection
EndGlobal
